
Microsoft Visual Studio Solution File, Format Version 12.00
# Visual Studio Version 17
VisualStudioVersion = 17.2.32616.157
MinimumVisualStudioVersion = 10.0.40219.1
Project("{FAE04EC0-301F-11D3-BF4B-00C04F79EFBC}") = "assignment 4", "assignment 4\assignment 4.csproj", "{77467179-8B91-4734-B744-A494A8943ECA}"
EndProject
Global
	GlobalSection(SolutionConfigurationPlatforms) = preSolution
		Debug|Any CPU = Debug|Any CPU
		Release|Any CPU = Release|Any CPU
	EndGlobalSection
	GlobalSection(ProjectConfigurationPlatforms) = postSolution
		{77467179-8B91-4734-B744-A494A8943ECA}.Debug|Any CPU.ActiveCfg = Debug|Any CPU
		{77467179-8B91-4734-B744-A494A8943ECA}.Debug|Any CPU.Build.0 = Debug|Any CPU
		{77467179-8B91-4734-B744-A494A8943ECA}.Release|Any CPU.ActiveCfg = Release|Any CPU
		{77467179-8B91-4734-B744-A494A8943ECA}.Release|Any CPU.Build.0 = Release|Any CPU
	EndGlobalSection
	GlobalSection(SolutionProperties) = preSolution
		HideSolutionNode = FALSE
	EndGlobalSection
	GlobalSection(ExtensibilityGlobals) = postSolution
		SolutionGuid = {CAFB99FC-E4A7-434A-BDBE-3EDCC2094A15}
	EndGlobalSection
EndGlobal
